
Microsoft Visual Studio Solution File, Format Version 12.00
# Visual Studio 15
VisualStudioVersion = 15.0.28307.902
MinimumVisualStudioVersion = 10.0.40219.1
Project("{FAE04EC0-301F-11D3-BF4B-00C04F79EFBC}") = "CourseWorkUI", "CourseWorkUI\CourseWorkUI.csproj", "{1253C821-13E9-48F2-99D3-51B621E280E2}"
EndProject
Project("{FAE04EC0-301F-11D3-BF4B-00C04F79EFBC}") = "TimeControl", "TimeControl\TimeControl.csproj", "{8AF24095-CB4C-4E25-9D58-895D502A2940}"
	ProjectSection(ProjectDependencies) = postProject
		{1253C821-13E9-48F2-99D3-51B621E280E2} = {1253C821-13E9-48F2-99D3-51B621E280E2}
	EndProjectSection
EndProject
Global
	GlobalSection(SolutionConfigurationPlatforms) = preSolution
		Debug|Any CPU = Debug|Any CPU
		Debug|x64 = Debug|x64
		Release|Any CPU = Release|Any CPU
		Release|x64 = Release|x64
	EndGlobalSection
	GlobalSection(ProjectConfigurationPlatforms) = postSolution
		{1253C821-13E9-48F2-99D3-51B621E280E2}.Debug|Any CPU.ActiveCfg = Debug|Any CPU
		{1253C821-13E9-48F2-99D3-51B621E280E2}.Debug|Any CPU.Build.0 = Debug|Any CPU
		{1253C821-13E9-48F2-99D3-51B621E280E2}.Debug|x64.ActiveCfg = Debug|x64
		{1253C821-13E9-48F2-99D3-51B621E280E2}.Debug|x64.Build.0 = Debug|x64
		{1253C821-13E9-48F2-99D3-51B621E280E2}.Release|Any CPU.ActiveCfg = Release|Any CPU
		{1253C821-13E9-48F2-99D3-51B621E280E2}.Release|Any CPU.Build.0 = Release|Any CPU
		{1253C821-13E9-48F2-99D3-51B621E280E2}.Release|x64.ActiveCfg = Release|x64
		{1253C821-13E9-48F2-99D3-51B621E280E2}.Release|x64.Build.0 = Release|x64
		{8AF24095-CB4C-4E25-9D58-895D502A2940}.Debug|Any CPU.ActiveCfg = Debug|Any CPU
		{8AF24095-CB4C-4E25-9D58-895D502A2940}.Debug|Any CPU.Build.0 = Debug|Any CPU
		{8AF24095-CB4C-4E25-9D58-895D502A2940}.Debug|x64.ActiveCfg = Debug|Any CPU
		{8AF24095-CB4C-4E25-9D58-895D502A2940}.Debug|x64.Build.0 = Debug|Any CPU
		{8AF24095-CB4C-4E25-9D58-895D502A2940}.Release|Any CPU.ActiveCfg = Release|Any CPU
		{8AF24095-CB4C-4E25-9D58-895D502A2940}.Release|Any CPU.Build.0 = Release|Any CPU
		{8AF24095-CB4C-4E25-9D58-895D502A2940}.Release|x64.ActiveCfg = Release|Any CPU
		{8AF24095-CB4C-4E25-9D58-895D502A2940}.Release|x64.Build.0 = Release|Any CPU
	EndGlobalSection
	GlobalSection(SolutionProperties) = preSolution
		HideSolutionNode = FALSE
	EndGlobalSection
	GlobalSection(ExtensibilityGlobals) = postSolution
		SolutionGuid = {BAAA7189-CD22-460D-9C2F-AF85746DE510}
	EndGlobalSection
EndGlobal
